{
  "name": "@neumatter/safe-collections",
  "version": "1.0.0",
  "lockfileVersion": 2,
  "requires": true,
  "packages": {
    "": {
      "name": "@neumatter/safe-collections",
      "version": "1.0.0",
      "dependencies": {
        "@neumatter/safe-collections": "^1.0.0"
      }
    },
    "node_modules/@neumatter/safe-collections": {
      "version": "1.0.0",
      "resolved": "https://registry.npmjs.org/@neumatter/safe-collections/-/safe-collections-1.0.0.tgz",
      "integrity": "sha512-pqht5YQX6tJN2MUBSSe/FD1h3BoOJZp5gbnc11ZbcCN/H9qm+xc5cIjTIceWy4ac294E7w1fw7G9bc8dh2DYHg=="
    }
  },
  "dependencies": {
    "@neumatter/safe-collections": {
      "version": "1.0.0",
      "resolved": "https://registry.npmjs.org/@neumatter/safe-collections/-/safe-collections-1.0.0.tgz",
      "integrity": "sha512-pqht5YQX6tJN2MUBSSe/FD1h3BoOJZp5gbnc11ZbcCN/H9qm+xc5cIjTIceWy4ac294E7w1fw7G9bc8dh2DYHg=="
    }
  }
}
